schema: '2.0'
stages:
  data_ingestion:
    cmd: python src/pipeline/stage_01_data_ingestion.py
    deps:
    - path: config/config.yaml
      hash: md5
      md5: e481c2b4eadc6c2dc717a2c0ee3feb04
      size: 1536
    - path: src/pipeline/stage_01_data_ingestion.py
      hash: md5
      md5: 92352fe54c8dd1ae0cd313b0c523112e
      size: 1294
    outs:
    - path: data/Food_Spoilage_Dataset
      hash: md5
      md5: 98c350169093b288307569b5e637c76c.dir
      size: 20169346
      nfiles: 150
  data_preprocessing:
    cmd: python src/pipeline/state_02_data_preprocess.py
    deps:
    - path: config/config.yaml
      hash: md5
      md5: e481c2b4eadc6c2dc717a2c0ee3feb04
      size: 1536
    - path: data/Food_Spoilage_Dataset
      hash: md5
      md5: 98c350169093b288307569b5e637c76c.dir
      size: 20169346
      nfiles: 150
    - path: src/pipeline/state_02_data_preprocess.py
      hash: md5
      md5: a2a2eeea1c04531ce939cef3eb01c7f3
      size: 1179
    outs:
    - path: artifacts/data_preprocessing/Food_Spoilage_Dataset
      hash: md5
      md5: 45cee644133cf4ca97135ff05ecf2b23.dir
      size: 8388566
      nfiles: 150
  prepare_base_model:
    cmd: python src/pipeline/state_03_prepare_base_model.py
    deps:
    - path: config/config.yaml
      hash: md5
      md5: e481c2b4eadc6c2dc717a2c0ee3feb04
      size: 1536
    - path: src/pipeline/state_03_prepare_base_model.py
      hash: md5
      md5: 0ccf4d172188d8ff38554d2243cf7299
      size: 1062
    outs:
    - path: artifacts/prepare_base_model/updated_base_model.h5
      hash: md5
      md5: 7706c365ae43fd35070642f07c3e8d8d
      size: 59136192
  training:
    cmd: python src/pipeline/state_04_model_training.py
    deps:
    - path: artifacts/data_preprocessing/Food_Spoilage_Dataset
      hash: md5
      md5: 45cee644133cf4ca97135ff05ecf2b23.dir
      size: 8388566
      nfiles: 150
    - path: artifacts/prepare_base_model/updated_base_model.h5
      hash: md5
      md5: 7706c365ae43fd35070642f07c3e8d8d
      size: 59136192
    - path: config/config.yaml
      hash: md5
      md5: e481c2b4eadc6c2dc717a2c0ee3feb04
      size: 1536
    - path: params.yaml
      hash: md5
      md5: d815856b7ec68ea9053b02fe7a09b05f
      size: 157
    - path: src/pipeline/state_04_model_training.py
      hash: md5
      md5: 08a6bb783c09aa4fc0c71e351f452903
      size: 1089
    outs:
    - path: artifacts/training/class_indices.json
      hash: md5
      md5: a58be0c1680917e8927b18f27232755e
      size: 61
    - path: artifacts/training/model.h5
      hash: md5
      md5: 6dc7764c9846380ab37e26feb138d04c
      size: 59544224
    - path: model/model.h5
      hash: md5
      md5: 6dc7764c9846380ab37e26feb138d04c
      size: 59544224
  evaluation:
    cmd: python src/pipeline/stage_05_model_evaluation.py
    deps:
    - path: artifacts/data_preprocessing/Food_Spoilage_Dataset
      hash: md5
      md5: 45cee644133cf4ca97135ff05ecf2b23.dir
      size: 8388566
      nfiles: 150
    - path: artifacts/training/model.h5
      hash: md5
      md5: 6dc7764c9846380ab37e26feb138d04c
      size: 59544224
    - path: config/config.yaml
      hash: md5
      md5: e481c2b4eadc6c2dc717a2c0ee3feb04
      size: 1536
    - path: params.yaml
      hash: md5
      md5: d815856b7ec68ea9053b02fe7a09b05f
      size: 157
    - path: src/pipeline/stage_05_model_evaluation.py
      hash: md5
      md5: 1c0deaf1ada68a3b807e7259f588429d
      size: 1461
    outs:
    - path: artifacts/model_evaluation/report.json
      hash: md5
      md5: 54a5cee21825227153dbcdf42c6ad8c3
      size: 213
  prediction:
    cmd: python src/pipeline/stage_06_prediction.py
    deps:
    - path: config/config.yaml
      hash: md5
      md5: e481c2b4eadc6c2dc717a2c0ee3feb04
      size: 1536
    - path: model/model.h5
      hash: md5
      md5: 6dc7764c9846380ab37e26feb138d04c
      size: 59544224
    - path: src/pipeline/stage_06_prediction.py
      hash: md5
      md5: 9faaf00795846c7f3c2a60b1ef9abad3
      size: 1317
    outs:
    - path: artifacts/prediction/predictions.json
      hash: md5
      md5: 0ac4ea8cd746112ff256a6bf2dbe2fb5
      size: 343
