schema: '2.0'
stages:
  data_ingestion:
    cmd: python src/pipeline/stage_01_data_ingestion.py
    deps:
    - path: config/config.yaml
      hash: md5
      md5: d82af146e59bf3b713c5379d4310d193
      size: 1860
    - path: src/pipeline/stage_01_data_ingestion.py
      hash: md5
      md5: b98b6c85864129189d196fdb13193306
      size: 1310
    outs:
    - path: data/Food_Spoilage_Dataset
      hash: md5
      md5: 98c350169093b288307569b5e637c76c.dir
      size: 20169346
      nfiles: 150
  data_preprocessing:
    cmd: python src/pipeline/state_02_data_preprocess.py
    deps:
    - path: config/config.yaml
      hash: md5
      md5: d82af146e59bf3b713c5379d4310d193
      size: 1860
    - path: data/Food_Spoilage_Dataset
      hash: md5
      md5: 98c350169093b288307569b5e637c76c.dir
      size: 20169346
      nfiles: 150
    - path: src/pipeline/state_02_data_preprocess.py
      hash: md5
      md5: 61aec8317e1a87272006aeddbc53c8e0
      size: 1197
    outs:
    - path: artifacts/data_preprocessing/Food_Spoilage_Dataset
      hash: md5
      md5: 45cee644133cf4ca97135ff05ecf2b23.dir
      size: 8388566
      nfiles: 150
  prepare_base_model:
    cmd: python src/pipeline/state_03_prepare_base_model.py
    deps:
    - path: config/config.yaml
      hash: md5
      md5: d82af146e59bf3b713c5379d4310d193
      size: 1860
    - path: src/pipeline/state_03_prepare_base_model.py
      hash: md5
      md5: 8789bdf339e7e97a7c5b361baaeec445
      size: 1078
    outs:
    - path: artifacts/prepare_base_model/updated_base_model.h5
      hash: md5
      md5: 75e939ee0310f88dbe91817b03e5473c
      size: 59136192
  training:
    cmd: python src/pipeline/state_04_model_training.py
    deps:
    - path: artifacts/data_preprocessing/Food_Spoilage_Dataset
      hash: md5
      md5: 45cee644133cf4ca97135ff05ecf2b23.dir
      size: 8388566
      nfiles: 150
    - path: artifacts/prepare_base_model/updated_base_model.h5
      hash: md5
      md5: 75e939ee0310f88dbe91817b03e5473c
      size: 59136192
    - path: config/config.yaml
      hash: md5
      md5: d82af146e59bf3b713c5379d4310d193
      size: 1860
    - path: params.yaml
      hash: md5
      md5: d815856b7ec68ea9053b02fe7a09b05f
      size: 157
    - path: src/pipeline/state_04_model_training.py
      hash: md5
      md5: e00e96715cde172326ecc18643b66571
      size: 1105
    outs:
    - path: artifacts/training/class_indices.json
      hash: md5
      md5: a58be0c1680917e8927b18f27232755e
      size: 61
    - path: artifacts/training/model.h5
      hash: md5
      md5: b6b98dd3dcf5fe587c744bed68d33276
      size: 59544224
  evaluation:
    cmd: python src/pipeline/stage_06_model_evaluation.py
    deps:
    - path: artifacts/data_preprocessing/Food_Spoilage_Dataset
      hash: md5
      md5: 45cee644133cf4ca97135ff05ecf2b23.dir
      size: 8388566
      nfiles: 150
    - path: config/config.yaml
      hash: md5
      md5: d82af146e59bf3b713c5379d4310d193
      size: 1860
    - path: model/model.h5
      hash: md5
      md5: b6b98dd3dcf5fe587c744bed68d33276
      size: 59544224
    - path: params.yaml
      hash: md5
      md5: d815856b7ec68ea9053b02fe7a09b05f
      size: 157
    - path: src/pipeline/stage_06_model_evaluation.py
      hash: md5
      md5: a62654db9296d8d7d520581358ddc5ed
      size: 1820
    outs:
    - path: artifacts/model_evaluation/report.json
      hash: md5
      md5: 909d62e75b6bd9fb68096d79312c26ba
      size: 213
  prediction:
    cmd: python src/pipeline/stage_07_prediction.py
    deps:
    - path: config/config.yaml
      hash: md5
      md5: d82af146e59bf3b713c5379d4310d193
      size: 1860
    - path: model/model.h5
      hash: md5
      md5: b6b98dd3dcf5fe587c744bed68d33276
      size: 59544224
    - path: src/pipeline/stage_07_prediction.py
      hash: md5
      md5: 3c81cfbc24ee47eae00ee5e47ed06d08
      size: 1810
  model_handler:
    cmd: python src/pipeline/stage_05_model_handler.py
    deps:
    - path: config/config.yaml
      hash: md5
      md5: d82af146e59bf3b713c5379d4310d193
      size: 1860
    - path: src/pipeline/stage_05_model_handler.py
      hash: md5
      md5: 99364349befd2be81a17374ff84bdcd8
      size: 1108
    outs:
    - path: model/model.h5
      hash: md5
      md5: b6b98dd3dcf5fe587c744bed68d33276
      size: 59544224
